version: 6
environments:
  default:
    channels:
    - url: https://conda.anaconda.org/conda-forge/
    - url: https://conda.anaconda.org/munch-group/
    packages:
      osx-arm64:
      - conda: https://conda.anaconda.org/conda-forge/osx-arm64/austin-3.7.0-py313h63a2874_0.conda
      - conda: https://conda.anaconda.org/conda-forge/osx-arm64/austin-python-2.1.2-py313h8f79df9_0.conda
      - conda: https://conda.anaconda.org/conda-forge/osx-arm64/bzip2-1.0.8-hd037594_8.conda
      - conda: https://conda.anaconda.org/conda-forge/noarch/ca-certificates-2025.11.12-hbd8a1cb_0.conda
      - conda: https://conda.anaconda.org/conda-forge/noarch/gprof2dot-2024.6.6-pyhd8ed1ab_1.conda
      - conda: https://conda.anaconda.org/conda-forge/osx-arm64/icu-75.1-hfee45f7_0.conda
      - conda: https://conda.anaconda.org/conda-forge/osx-arm64/libabseil-20240116.2-cxx17_h00cdb27_1.conda
      - conda: https://conda.anaconda.org/conda-forge/osx-arm64/libblas-3.9.0-39_h51639a9_openblas.conda
      - conda: https://conda.anaconda.org/conda-forge/osx-arm64/libcblas-3.9.0-39_hb0561ab_openblas.conda
      - conda: https://conda.anaconda.org/conda-forge/osx-arm64/libcxx-21.1.5-hf598326_0.conda
      - conda: https://conda.anaconda.org/conda-forge/osx-arm64/libexpat-2.7.1-hec049ff_0.conda
      - conda: https://conda.anaconda.org/conda-forge/osx-arm64/libffi-3.5.2-he5f378a_0.conda
      - conda: https://conda.anaconda.org/conda-forge/osx-arm64/libgfortran-15.2.0-hfcf01ff_1.conda
      - conda: https://conda.anaconda.org/conda-forge/osx-arm64/libgfortran5-15.2.0-h742603c_1.conda
      - conda: https://conda.anaconda.org/conda-forge/osx-arm64/liblapack-3.9.0-39_hd9741b5_openblas.conda
      - conda: https://conda.anaconda.org/conda-forge/osx-arm64/liblzma-5.8.1-h39f12f2_2.conda
      - conda: https://conda.anaconda.org/conda-forge/osx-arm64/libmpdec-4.0.0-h5505292_0.conda
      - conda: https://conda.anaconda.org/conda-forge/osx-arm64/libopenblas-0.3.30-openmp_ha158390_3.conda
      - conda: https://conda.anaconda.org/conda-forge/osx-arm64/libprotobuf-4.25.3-hc39d83c_1.conda
      - conda: https://conda.anaconda.org/conda-forge/osx-arm64/libsqlite-3.51.0-h8adb53f_0.conda
      - conda: https://conda.anaconda.org/conda-forge/osx-arm64/libzlib-1.3.1-h8359307_2.conda
      - conda: https://conda.anaconda.org/conda-forge/osx-arm64/llvm-openmp-21.1.5-h4a912ad_2.conda
      - conda: https://conda.anaconda.org/conda-forge/osx-arm64/ncurses-6.5-h5e97a16_3.conda
      - conda: https://conda.anaconda.org/conda-forge/osx-arm64/numpy-2.3.4-py313h9771d21_0.conda
      - conda: https://conda.anaconda.org/conda-forge/osx-arm64/openssl-3.6.0-h5503f6c_0.conda
      - conda: https://conda.anaconda.org/conda-forge/noarch/pip-25.3-pyh145f28c_0.conda
      - conda: https://conda.anaconda.org/conda-forge/osx-arm64/protobuf-4.25.3-py313haf9a1cf_1.conda
      - conda: https://conda.anaconda.org/conda-forge/osx-arm64/psutil-7.1.3-py313h9734d34_0.conda
      - conda: https://conda.anaconda.org/conda-forge/osx-arm64/py-spy-0.4.1-h0ca00b2_0.conda
      - conda: https://conda.anaconda.org/conda-forge/osx-arm64/pyinstrument-5.1.1-py313hcdf3177_1.conda
      - conda: https://conda.anaconda.org/conda-forge/osx-arm64/python-3.13.9-hfc2f54d_101_cp313.conda
      - conda: https://conda.anaconda.org/conda-forge/noarch/python_abi-3.13-8_cp313.conda
      - conda: https://conda.anaconda.org/conda-forge/osx-arm64/readline-8.2-h1d1bf99_2.conda
      - conda: https://conda.anaconda.org/conda-forge/noarch/setuptools-80.9.0-pyhff2d567_0.conda
      - conda: https://conda.anaconda.org/conda-forge/osx-arm64/tk-8.6.13-h892fb3f_3.conda
      - conda: https://conda.anaconda.org/conda-forge/noarch/toml-0.10.2-pyhd8ed1ab_2.conda
      - conda: https://conda.anaconda.org/conda-forge/noarch/tzdata-2025b-h78e105d_0.conda
packages:
- conda: https://conda.anaconda.org/conda-forge/osx-arm64/austin-3.7.0-py313h63a2874_0.conda
  sha256: 67bdc1f31ae696b074ea905cbc5ce79bcfec4235313198897064dff8fdc32bb6
  md5: 6ef658981dc1a8b01dcf6cdb0b602fb8
  depends:
  - __osx >=11.0
  - python >=3.13,<3.14.0a0
  - python >=3.13,<3.14.0a0 *_cp313
  - python_abi 3.13.* *_cp313
  license: GPL-3.0-or-later
  license_family: GPL
  size: 46729
  timestamp: 1728994790364
- conda: https://conda.anaconda.org/conda-forge/osx-arm64/austin-python-2.1.2-py313h8f79df9_0.conda
  sha256: 9f94fd9cc1ecd1340041eace07f5435cbb6e99f76846cdfed3f76980e41c6600
  md5: 0f6702822aa0d92241046d940777b07a
  depends:
  - austin
  - protobuf <5
  - psutil >=5.7.0
  - python >=3.13,<3.14.0a0
  - python >=3.13,<3.14.0a0 *_cp313
  - python_abi 3.13.* *_cp313
  - toml <1
  license: GPL-3.0-or-later
  license_family: GPL
  size: 118709
  timestamp: 1760472840871
- conda: https://conda.anaconda.org/conda-forge/osx-arm64/bzip2-1.0.8-hd037594_8.conda
  sha256: b456200636bd5fecb2bec63f7e0985ad2097cf1b83d60ce0b6968dffa6d02aa1
  md5: 58fd217444c2a5701a44244faf518206
  depends:
  - __osx >=11.0
  license: bzip2-1.0.6
  license_family: BSD
  size: 125061
  timestamp: 1757437486465
- conda: https://conda.anaconda.org/conda-forge/noarch/ca-certificates-2025.11.12-hbd8a1cb_0.conda
  sha256: b986ba796d42c9d3265602bc038f6f5264095702dd546c14bc684e60c385e773
  md5: f0991f0f84902f6b6009b4d2350a83aa
  depends:
  - __unix
  license: ISC
  size: 152432
  timestamp: 1762967197890
- conda: https://conda.anaconda.org/conda-forge/noarch/gprof2dot-2024.6.6-pyhd8ed1ab_1.conda
  sha256: 04093c9aafba033f55e4145336cff8f41809681dc6a61530dbd1016924cb4ded
  md5: b750a0ed3904efe3d9a42e7015b92e75
  depends:
  - python >=3.9
  license: LGPL-3.0-or-later
  license_family: LGPL
  size: 39376
  timestamp: 1734700339768
- conda: https://conda.anaconda.org/conda-forge/osx-arm64/icu-75.1-hfee45f7_0.conda
  sha256: 9ba12c93406f3df5ab0a43db8a4b4ef67a5871dfd401010fbe29b218b2cbe620
  md5: 5eb22c1d7b3fc4abb50d92d621583137
  depends:
  - __osx >=11.0
  license: MIT
  license_family: MIT
  size: 11857802
  timestamp: 1720853997952
- conda: https://conda.anaconda.org/conda-forge/osx-arm64/libabseil-20240116.2-cxx17_h00cdb27_1.conda
  sha256: a9517c8683924f4b3b9380cdaa50fdd2009cd8d5f3918c92f64394238189d3cb
  md5: f16963d88aed907af8b90878b8d8a05c
  depends:
  - __osx >=11.0
  - libcxx >=16
  constrains:
  - abseil-cpp =20240116.2
  - libabseil-static =20240116.2=cxx17*
  license: Apache-2.0
  license_family: Apache
  size: 1136123
  timestamp: 1720857649214
- conda: https://conda.anaconda.org/conda-forge/osx-arm64/libblas-3.9.0-39_h51639a9_openblas.conda
  build_number: 39
  sha256: 34a8f48a278c9147de8bdb1356d9b26bd9f6f351cd8e189c912f849cc83dc0c6
  md5: d6a7d80a3af411fcf5de7fa6208c6ab7
  depends:
  - libopenblas >=0.3.30,<0.3.31.0a0
  - libopenblas >=0.3.30,<1.0a0
  constrains:
  - liblapacke 3.9.0   39*_openblas
  - mkl <2026
  - blas 2.139   openblas
  - libcblas   3.9.0   39*_openblas
  - liblapack  3.9.0   39*_openblas
  license: BSD-3-Clause
  size: 17692
  timestamp: 1763190103692
- conda: https://conda.anaconda.org/conda-forge/osx-arm64/libcblas-3.9.0-39_hb0561ab_openblas.conda
  build_number: 39
  sha256: 3d289aa6f4cb26347d9c17c7b1750262a54587781210b33f2339b9c2f341ca11
  md5: 178a35f31352f5cbe87b17cc91323380
  depends:
  - libblas 3.9.0 39_h51639a9_openblas
  constrains:
  - liblapacke 3.9.0   39*_openblas
  - blas 2.139   openblas
  - liblapack  3.9.0   39*_openblas
  license: BSD-3-Clause
  size: 17704
  timestamp: 1763190119451
- conda: https://conda.anaconda.org/conda-forge/osx-arm64/libcxx-21.1.5-hf598326_0.conda
  sha256: cb441b85669eec99a593f59e6bb18c1d8a46d13eebadfc6a55f0b298109bf510
  md5: fbfdbf6e554275d2661c4541f45fed53
  depends:
  - __osx >=11.0
  license: Apache-2.0 WITH LLVM-exception
  license_family: Apache
  size: 569449
  timestamp: 1762258167196
- conda: https://conda.anaconda.org/conda-forge/osx-arm64/libexpat-2.7.1-hec049ff_0.conda
  sha256: 8fbb17a56f51e7113ed511c5787e0dec0d4b10ef9df921c4fd1cccca0458f648
  md5: b1ca5f21335782f71a8bd69bdc093f67
  depends:
  - __osx >=11.0
  constrains:
  - expat 2.7.1.*
  license: MIT
  license_family: MIT
  size: 65971
  timestamp: 1752719657566
- conda: https://conda.anaconda.org/conda-forge/osx-arm64/libffi-3.5.2-he5f378a_0.conda
  sha256: 9b8acdf42df61b7bfe8bdc545c016c29e61985e79748c64ad66df47dbc2e295f
  md5: 411ff7cd5d1472bba0f55c0faf04453b
  depends:
  - __osx >=11.0
  license: MIT
  license_family: MIT
  size: 40251
  timestamp: 1760295839166
- conda: https://conda.anaconda.org/conda-forge/osx-arm64/libgfortran-15.2.0-hfcf01ff_1.conda
  sha256: e9a5d1208b9dc0b576b35a484d527d9b746c4e65620e0d77c44636033b2245f0
  md5: f699348e3f4f924728e33551b1920f79
  depends:
  - libgfortran5 15.2.0 h742603c_1
  license: GPL-3.0-only WITH GCC-exception-3.1
  license_family: GPL
  size: 134016
  timestamp: 1759712902814
- conda: https://conda.anaconda.org/conda-forge/osx-arm64/libgfortran5-15.2.0-h742603c_1.conda
  sha256: 18808697013a625ca876eeee3d86ee5b656f17c391eca4a4bc70867717cc5246
  md5: afccf412b03ce2f309f875ff88419173
  depends:
  - llvm-openmp >=8.0.0
  constrains:
  - libgfortran 15.2.0
  license: GPL-3.0-only WITH GCC-exception-3.1
  license_family: GPL
  size: 764028
  timestamp: 1759712189275
- conda: https://conda.anaconda.org/conda-forge/osx-arm64/liblapack-3.9.0-39_hd9741b5_openblas.conda
  build_number: 39
  sha256: 64d840a3051939939099c6669a5ca79b954ecf58a0b4afc0a6b43bb02ecdc92d
  md5: 5481bf2d967c9e27f1cd0bcaf6e282e6
  depends:
  - libblas 3.9.0 39_h51639a9_openblas
  constrains:
  - libcblas   3.9.0   39*_openblas
  - blas 2.139   openblas
  - liblapacke 3.9.0   39*_openblas
  license: BSD-3-Clause
  size: 17704
  timestamp: 1763190134662
- conda: https://conda.anaconda.org/conda-forge/osx-arm64/liblzma-5.8.1-h39f12f2_2.conda
  sha256: 0cb92a9e026e7bd4842f410a5c5c665c89b2eb97794ffddba519a626b8ce7285
  md5: d6df911d4564d77c4374b02552cb17d1
  depends:
  - __osx >=11.0
  constrains:
  - xz 5.8.1.*
  license: 0BSD
  size: 92286
  timestamp: 1749230283517
- conda: https://conda.anaconda.org/conda-forge/osx-arm64/libmpdec-4.0.0-h5505292_0.conda
  sha256: 0a1875fc1642324ebd6c4ac864604f3f18f57fbcf558a8264f6ced028a3c75b2
  md5: 85ccccb47823dd9f7a99d2c7f530342f
  depends:
  - __osx >=11.0
  license: BSD-2-Clause
  license_family: BSD
  size: 71829
  timestamp: 1748393749336
- conda: https://conda.anaconda.org/conda-forge/osx-arm64/libopenblas-0.3.30-openmp_ha158390_3.conda
  sha256: dcc626c7103503d1dfc0371687ad553cb948b8ed0249c2a721147bdeb8db4a73
  md5: a18a7f471c517062ee71b843ef95eb8a
  depends:
  - __osx >=11.0
  - libgfortran
  - libgfortran5 >=14.3.0
  - llvm-openmp >=19.1.7
  constrains:
  - openblas >=0.3.30,<0.3.31.0a0
  license: BSD-3-Clause
  license_family: BSD
  size: 4285762
  timestamp: 1761749506256
- conda: https://conda.anaconda.org/conda-forge/osx-arm64/libprotobuf-4.25.3-hc39d83c_1.conda
  sha256: f51bde2dfe73968ab3090c1098f520b65a8d8f11e945cb13bf74d19e30966b61
  md5: fa77986d9170450c014586ab87e144f8
  depends:
  - __osx >=11.0
  - libabseil * cxx17*
  - libabseil >=20240116.2,<20240117.0a0
  - libcxx >=17
  - libzlib >=1.3.1,<2.0a0
  license: BSD-3-Clause
  license_family: BSD
  size: 2177164
  timestamp: 1727160770879
- conda: https://conda.anaconda.org/conda-forge/osx-arm64/libsqlite-3.51.0-h8adb53f_0.conda
  sha256: b43d198f147f46866e5336c4a6b91668beef698bfba69d1706158460eadb2c1b
  md5: 5fb1945dbc6380e6fe7e939a62267772
  depends:
  - __osx >=11.0
  - icu >=75.1,<76.0a0
  - libzlib >=1.3.1,<2.0a0
  license: blessing
  size: 909508
  timestamp: 1762300078624
- conda: https://conda.anaconda.org/conda-forge/osx-arm64/libzlib-1.3.1-h8359307_2.conda
  sha256: ce34669eadaba351cd54910743e6a2261b67009624dbc7daeeafdef93616711b
  md5: 369964e85dc26bfe78f41399b366c435
  depends:
  - __osx >=11.0
  constrains:
  - zlib 1.3.1 *_2
  license: Zlib
  license_family: Other
  size: 46438
  timestamp: 1727963202283
- conda: https://conda.anaconda.org/conda-forge/osx-arm64/llvm-openmp-21.1.5-h4a912ad_2.conda
  sha256: 38c5afe67f7e982b5a1c53a02ada948cf903ff5680f08f320f4334003f80a005
  md5: 3f8e66ee981067a7fff0c6855ff29f77
  depends:
  - __osx >=11.0
  constrains:
  - openmp 21.1.5|21.1.5.*
  - intel-openmp <0.0a0
  license: Apache-2.0 WITH LLVM-exception
  license_family: APACHE
  size: 285942
  timestamp: 1763095107736
- conda: https://conda.anaconda.org/conda-forge/osx-arm64/ncurses-6.5-h5e97a16_3.conda
  sha256: 2827ada40e8d9ca69a153a45f7fd14f32b2ead7045d3bbb5d10964898fe65733
  md5: 068d497125e4bf8a66bf707254fff5ae
  depends:
  - __osx >=11.0
  license: X11 AND BSD-3-Clause
  size: 797030
  timestamp: 1738196177597
- conda: https://conda.anaconda.org/conda-forge/osx-arm64/numpy-2.3.4-py313h9771d21_0.conda
  sha256: 33c73a156ce2b48cea3a67810832b2eba830f5d0671858789518554582c9b450
  md5: 1c27b9306edd808fdfc718c0c6c93cf9
  depends:
  - python
  - __osx >=11.0
  - python 3.13.* *_cp313
  - libcxx >=19
  - python_abi 3.13.* *_cp313
  - liblapack >=3.9.0,<4.0a0
  - libblas >=3.9.0,<4.0a0
  - libcblas >=3.9.0,<4.0a0
  constrains:
  - numpy-base <0a0
  license: BSD-3-Clause
  license_family: BSD
  size: 6751745
  timestamp: 1761161612340
- conda: https://conda.anaconda.org/conda-forge/osx-arm64/openssl-3.6.0-h5503f6c_0.conda
  sha256: ebe93dafcc09e099782fe3907485d4e1671296bc14f8c383cb6f3dfebb773988
  md5: b34dc4172653c13dcf453862f251af2b
  depends:
  - __osx >=11.0
  - ca-certificates
  license: Apache-2.0
  license_family: Apache
  size: 3108371
  timestamp: 1762839712322
- conda: https://conda.anaconda.org/conda-forge/noarch/pip-25.3-pyh145f28c_0.conda
  sha256: 4d5e2faca810459724f11f78d19a0feee27a7be2b3fc5f7abbbec4c9fdcae93d
  md5: bf47878473e5ab9fdb4115735230e191
  depends:
  - python >=3.13.0a0
  license: MIT
  license_family: MIT
  size: 1177084
  timestamp: 1762776338614
- conda: https://conda.anaconda.org/conda-forge/osx-arm64/protobuf-4.25.3-py313haf9a1cf_1.conda
  sha256: a729a93f82d7d8efd3e8dc0dba5651fccdb40bb634211e189835feb9df29fce4
  md5: 62ef6addcc82075a8d563f0ea2aeb355
  depends:
  - __osx >=11.0
  - libabseil * cxx17*
  - libabseil >=20240116.2,<20240117.0a0
  - libcxx >=17
  - libprotobuf >=4.25.3,<4.25.4.0a0
  - python >=3.13.0rc1,<3.14.0a0
  - python >=3.13.0rc1,<3.14.0a0 *_cp313
  - python_abi 3.13.* *_cp313
  - setuptools
  license: BSD-3-Clause
  license_family: BSD
  size: 379727
  timestamp: 1725018948871
- conda: https://conda.anaconda.org/conda-forge/osx-arm64/psutil-7.1.3-py313h9734d34_0.conda
  sha256: a175fee131b28ecd2dadd2b3fdc9b75b50ad5ad502d984280ae064152739c567
  md5: b17da028e6650dce95f8247faf84ba48
  depends:
  - python
  - python 3.13.* *_cp313
  - __osx >=11.0
  - python_abi 3.13.* *_cp313
  license: BSD-3-Clause
  license_family: BSD
  size: 515398
  timestamp: 1762093071645
- conda: https://conda.anaconda.org/conda-forge/osx-arm64/py-spy-0.4.1-h0ca00b2_0.conda
  sha256: 6770b7882f6394ec0650f45991b083dff757409b39db8e4fc2bf36db53a23293
  md5: 742dd4cc9a5784c263a3397ad368d844
  depends:
  - __osx >=11.0
  constrains:
  - __osx >=11.0
  license: MIT
  license_family: MIT
  size: 1179946
  timestamp: 1754008234910
- conda: https://conda.anaconda.org/conda-forge/osx-arm64/pyinstrument-5.1.1-py313hcdf3177_1.conda
  sha256: dfeb9faa12315927642ec319ebca53c6e8389e94ed4b444b840b0d8e6b386dc9
  md5: 22f81833cfd5d950bea56344b17c0ad6
  depends:
  - __osx >=11.0
  - python >=3.13,<3.14.0a0
  - python >=3.13,<3.14.0a0 *_cp313
  - python_abi 3.13.* *_cp313
  license: BSD-3-Clause
  license_family: BSD
  size: 186799
  timestamp: 1756311188905
- conda: https://conda.anaconda.org/conda-forge/osx-arm64/python-3.13.9-hfc2f54d_101_cp313.conda
  build_number: 101
  sha256: 516229f780b98783a5ef4112a5a4b5e5647d4f0177c4621e98aa60bb9bc32f98
  md5: a4241bce59eecc74d4d2396e108c93b8
  depends:
  - __osx >=11.0
  - bzip2 >=1.0.8,<2.0a0
  - libexpat >=2.7.1,<3.0a0
  - libffi >=3.5.2,<3.6.0a0
  - liblzma >=5.8.1,<6.0a0
  - libmpdec >=4.0.0,<5.0a0
  - libsqlite >=3.50.4,<4.0a0
  - libzlib >=1.3.1,<2.0a0
  - ncurses >=6.5,<7.0a0
  - openssl >=3.5.4,<4.0a0
  - python_abi 3.13.* *_cp313
  - readline >=8.2,<9.0a0
  - tk >=8.6.13,<8.7.0a0
  - tzdata
  license: Python-2.0
  size: 11915380
  timestamp: 1761176793936
  python_site_packages_path: lib/python3.13/site-packages
- conda: https://conda.anaconda.org/conda-forge/noarch/python_abi-3.13-8_cp313.conda
  build_number: 8
  sha256: 210bffe7b121e651419cb196a2a63687b087497595c9be9d20ebe97dd06060a7
  md5: 94305520c52a4aa3f6c2b1ff6008d9f8
  constrains:
  - python 3.13.* *_cp313
  license: BSD-3-Clause
  license_family: BSD
  size: 7002
  timestamp: 1752805902938
- conda: https://conda.anaconda.org/conda-forge/osx-arm64/readline-8.2-h1d1bf99_2.conda
  sha256: 7db04684d3904f6151eff8673270922d31da1eea7fa73254d01c437f49702e34
  md5: 63ef3f6e6d6d5c589e64f11263dc5676
  depends:
  - ncurses >=6.5,<7.0a0
  license: GPL-3.0-only
  license_family: GPL
  size: 252359
  timestamp: 1740379663071
- conda: https://conda.anaconda.org/conda-forge/noarch/setuptools-80.9.0-pyhff2d567_0.conda
  sha256: 972560fcf9657058e3e1f97186cc94389144b46dbdf58c807ce62e83f977e863
  md5: 4de79c071274a53dcaf2a8c749d1499e
  depends:
  - python >=3.9
  license: MIT
  license_family: MIT
  size: 748788
  timestamp: 1748804951958
- conda: https://conda.anaconda.org/conda-forge/osx-arm64/tk-8.6.13-h892fb3f_3.conda
  sha256: ad0c67cb03c163a109820dc9ecf77faf6ec7150e942d1e8bb13e5d39dc058ab7
  md5: a73d54a5abba6543cb2f0af1bfbd6851
  depends:
  - __osx >=11.0
  - libzlib >=1.3.1,<2.0a0
  license: TCL
  license_family: BSD
  size: 3125484
  timestamp: 1763055028377
- conda: https://conda.anaconda.org/conda-forge/noarch/toml-0.10.2-pyhd8ed1ab_2.conda
  sha256: 5fe40fb250890a1f81be8c5ad0ba94b41ad614ce51e19098110f635dd9400f82
  md5: 00d80af3a7bf27729484e786a68aafff
  depends:
  - python >=3.10
  license: MIT
  license_family: MIT
  size: 22702
  timestamp: 1763034696970
- conda: https://conda.anaconda.org/conda-forge/noarch/tzdata-2025b-h78e105d_0.conda
  sha256: 5aaa366385d716557e365f0a4e9c3fca43ba196872abbbe3d56bb610d131e192
  md5: 4222072737ccff51314b5ece9c7d6f5a
  license: LicenseRef-Public-Domain
  size: 122968
  timestamp: 1742727099393
